// !$*UTF8*$!
{
	archiveVersion = 1;
	classes = {
	};
	objectVersion = 50;
	objects = {

/* Begin PBXBuildFile section */
		88C9CB3C263556B000750E08 /* AppDelegate.swift in Sources */ = {isa = PBXBuildFile; fileRef = 88C9CB3B263556B000750E08 /* AppDelegate.swift */; };
		88C9CB3E263556B000750E08 /* SceneDelegate.swift in Sources */ = {isa = PBXBuildFile; fileRef = 88C9CB3D263556B000750E08 /* SceneDelegate.swift */; };
		88C9CB40263556B000750E08 /* ViewController.swift in Sources */ = {isa = PBXBuildFile; fileRef = 88C9CB3F263556B000750E08 /* ViewController.swift */; };
		88C9CB43263556B000750E08 /* Main.storyboard in Resources */ = {isa = PBXBuildFile; fileRef = 88C9CB41263556B000750E08 /* Main.storyboard */; };
		88C9CB45263556B100750E08 /* Assets.xcassets in Resources */ = {isa = PBXBuildFile; fileRef = 88C9CB44263556B100750E08 /* Assets.xcassets */; };
		88C9CB48263556B100750E08 /* LaunchScreen.storyboard in Resources */ = {isa = PBXBuildFile; fileRef = 88C9CB46263556B100750E08 /* LaunchScreen.storyboard */; };
		88C9CB53263556B100750E08 /* RootNavigationTests.swift in Sources */ = {isa = PBXBuildFile; fileRef = 88C9CB52263556B100750E08 /* RootNavigationTests.swift */; };
		88C9CB5E263556B100750E08 /* RootNavigationUITests.swift in Sources */ = {isa = PBXBuildFile; fileRef = 88C9CB5D263556B100750E08 /* RootNavigationUITests.swift */; };
/* End PBXBuildFile section */

/* Begin PBXContainerItemProxy section */
		88C9CB4F263556B100750E08 /* PBXContainerItemProxy */ = {
			isa = PBXContainerItemProxy;
			containerPortal = 88C9CB30263556B000750E08 /* Project object */;
			proxyType = 1;
			remoteGlobalIDString = 88C9CB37263556B000750E08;
			remoteInfo = RootNavigation;
		};
		88C9CB5A263556B100750E08 /* PBXContainerItemProxy */ = {
			isa = PBXContainerItemProxy;
			containerPortal = 88C9CB30263556B000750E08 /* Project object */;
			proxyType = 1;
			remoteGlobalIDString = 88C9CB37263556B000750E08;
			remoteInfo = RootNavigation;
		};
/* End PBXContainerItemProxy section */

/* Begin PBXFileReference section */
		88C9CB38263556B000750E08 /* RootNavigation.app */ = {isa = PBXFileReference; explicitFileType = wrapper.application; includeInIndex = 0; path = RootNavigation.app; sourceTree = BUILT_PRODUCTS_DIR; };
		88C9CB3B263556B000750E08 /* AppDelegate.swift */ = {isa = PBXFileReference; lastKnownFileType = sourcecode.swift; path = AppDelegate.swift; sourceTree = "<group>"; };
		88C9CB3D263556B000750E08 /* SceneDelegate.swift */ = {isa = PBXFileReference; lastKnownFileType = sourcecode.swift; path = SceneDelegate.swift; sourceTree = "<group>"; };
		88C9CB3F263556B000750E08 /* ViewController.swift */ = {isa = PBXFileReference; lastKnownFileType = sourcecode.swift; path = ViewController.swift; sourceTree = "<group>"; };
		88C9CB42263556B000750E08 /* Base */ = {isa = PBXFileReference; lastKnownFileType = file.storyboard; name = Base; path = Base.lproj/Main.storyboard; sourceTree = "<group>"; };
		88C9CB44263556B100750E08 /* Assets.xcassets */ = {isa = PBXFileReference; lastKnownFileType = folder.assetcatalog; path = Assets.xcassets; sourceTree = "<group>"; };
		88C9CB47263556B100750E08 /* Base */ = {isa = PBXFileReference; lastKnownFileType = file.storyboard; name = Base; path = Base.lproj/LaunchScreen.storyboard; sourceTree = "<group>"; };
		88C9CB49263556B100750E08 /* Info.plist */ = {isa = PBXFileReference; lastKnownFileType = text.plist.xml; path = Info.plist; sourceTree = "<group>"; };
		88C9CB4E263556B100750E08 /* RootNavigationTests.xctest */ = {isa = PBXFileReference; explicitFileType = wrapper.cfbundle; includeInIndex = 0; path = RootNavigationTests.xctest; sourceTree = BUILT_PRODUCTS_DIR; };
		88C9CB52263556B100750E08 /* RootNavigationTests.swift */ = {isa = PBXFileReference; lastKnownFileType = sourcecode.swift; path = RootNavigationTests.swift; sourceTree = "<group>"; };
		88C9CB54263556B100750E08 /* Info.plist */ = {isa = PBXFileReference; lastKnownFileType = text.plist.xml; path = Info.plist; sourceTree = "<group>"; };
		88C9CB59263556B100750E08 /* RootNavigationUITests.xctest */ = {isa = PBXFileReference; explicitFileType = wrapper.cfbundle; includeInIndex = 0; path = RootNavigationUITests.xctest; sourceTree = BUILT_PRODUCTS_DIR; };
		88C9CB5D263556B100750E08 /* RootNavigationUITests.swift */ = {isa = PBXFileReference; lastKnownFileType = sourcecode.swift; path = RootNavigationUITests.swift; sourceTree = "<group>"; };
		88C9CB5F263556B100750E08 /* Info.plist */ = {isa = PBXFileReference; lastKnownFileType = text.plist.xml; path = Info.plist; sourceTree = "<group>"; };
/* End PBXFileReference section */

/* Begin PBXFrameworksBuildPhase section */
		88C9CB35263556B000750E08 /* Frameworks */ = {
			isa = PBXFrameworksBuildPhase;
			buildActionMask = 2147483647;
			files = (
			);
			runOnlyForDeploymentPostprocessing = 0;
		};
		88C9CB4B263556B100750E08 /* Frameworks */ = {
			isa = PBXFrameworksBuildPhase;
			buildActionMask = 2147483647;
			files = (
			);
			runOnlyForDeploymentPostprocessing = 0;
		};
		88C9CB56263556B100750E08 /* Frameworks */ = {
			isa = PBXFrameworksBuildPhase;
			buildActionMask = 2147483647;
			files = (
			);
			runOnlyForDeploymentPostprocessing = 0;
		};
/* End PBXFrameworksBuildPhase section */

/* Begin PBXGroup section */
		88C9CB2F263556B000750E08 = {
			isa = PBXGroup;
			children = (
				88C9CB3A263556B000750E08 /* RootNavigation */,
				88C9CB51263556B100750E08 /* RootNavigationTests */,
				88C9CB5C263556B100750E08 /* RootNavigationUITests */,
				88C9CB39263556B000750E08 /* Products */,
			);
			sourceTree = "<group>";
		};
		88C9CB39263556B000750E08 /* Products */ = {
			isa = PBXGroup;
			children = (
				88C9CB38263556B000750E08 /* RootNavigation.app */,
				88C9CB4E263556B100750E08 /* RootNavigationTests.xctest */,
				88C9CB59263556B100750E08 /* RootNavigationUITests.xctest */,
			);
			name = Products;
			sourceTree = "<group>";
		};
		88C9CB3A263556B000750E08 /* RootNavigation */ = {
			isa = PBXGroup;
			children = (
				88C9CB3B263556B000750E08 /* AppDelegate.swift */,
				88C9CB3D263556B000750E08 /* SceneDelegate.swift */,
				88C9CB3F263556B000750E08 /* ViewController.swift */,
				88C9CB41263556B000750E08 /* Main.storyboard */,
				88C9CB44263556B100750E08 /* Assets.xcassets */,
				88C9CB46263556B100750E08 /* LaunchScreen.storyboard */,
				88C9CB49263556B100750E08 /* Info.plist */,
			);
			path = RootNavigation;
			sourceTree = "<group>";
		};
		88C9CB51263556B100750E08 /* RootNavigationTests */ = {
			isa = PBXGroup;
			children = (
				88C9CB52263556B100750E08 /* RootNavigationTests.swift */,
				88C9CB54263556B100750E08 /* Info.plist */,
			);
			path = RootNavigationTests;
			sourceTree = "<group>";
		};
		88C9CB5C263556B100750E08 /* RootNavigationUITests */ = {
			isa = PBXGroup;
			children = (
				88C9CB5D263556B100750E08 /* RootNavigationUITests.swift */,
				88C9CB5F263556B100750E08 /* Info.plist */,
			);
			path = RootNavigationUITests;
			sourceTree = "<group>";
		};
/* End PBXGroup section */

/* Begin PBXNativeTarget section */
		88C9CB37263556B000750E08 /* RootNavigation */ = {
			isa = PBXNativeTarget;
			buildConfigurationList = 88C9CB62263556B100750E08 /* Build configuration list for PBXNativeTarget "RootNavigation" */;
			buildPhases = (
				88C9CB34263556B000750E08 /* Sources */,
				88C9CB35263556B000750E08 /* Frameworks */,
				88C9CB36263556B000750E08 /* Resources */,
			);
			buildRules = (
			);
			dependencies = (
			);
			name = RootNavigation;
			productName = RootNavigation;
			productReference = 88C9CB38263556B000750E08 /* RootNavigation.app */;
			productType = "com.apple.product-type.application";
		};
		88C9CB4D263556B100750E08 /* RootNavigationTests */ = {
			isa = PBXNativeTarget;
			buildConfigurationList = 88C9CB65263556B100750E08 /* Build configuration list for PBXNativeTarget "RootNavigationTests" */;
			buildPhases = (
				88C9CB4A263556B100750E08 /* Sources */,
				88C9CB4B263556B100750E08 /* Frameworks */,
				88C9CB4C263556B100750E08 /* Resources */,
			);
			buildRules = (
			);
			dependencies = (
				88C9CB50263556B100750E08 /* PBXTargetDependency */,
			);
			name = RootNavigationTests;
			productName = RootNavigationTests;
			productReference = 88C9CB4E263556B100750E08 /* RootNavigationTests.xctest */;
			productType = "com.apple.product-type.bundle.unit-test";
		};
		88C9CB58263556B100750E08 /* RootNavigationUITests */ = {
			isa = PBXNativeTarget;
			buildConfigurationList = 88C9CB68263556B100750E08 /* Build configuration list for PBXNativeTarget "RootNavigationUITests" */;
			buildPhases = (
				88C9CB55263556B100750E08 /* Sources */,
				88C9CB56263556B100750E08 /* Frameworks */,
				88C9CB57263556B100750E08 /* Resources */,
			);
			buildRules = (
			);
			dependencies = (
				88C9CB5B263556B100750E08 /* PBXTargetDependency */,
			);
			name = RootNavigationUITests;
			productName = RootNavigationUITests;
			productReference = 88C9CB59263556B100750E08 /* RootNavigationUITests.xctest */;
			productType = "com.apple.product-type.bundle.ui-testing";
		};
/* End PBXNativeTarget section */

/* Begin PBXProject section */
		88C9CB30263556B000750E08 /* Project object */ = {
			isa = PBXProject;
			attributes = {
				LastSwiftUpdateCheck = 1240;
				LastUpgradeCheck = 1240;
				TargetAttributes = {
					88C9CB37263556B000750E08 = {
						CreatedOnToolsVersion = 12.4;
					};
					88C9CB4D263556B100750E08 = {
						CreatedOnToolsVersion = 12.4;
						TestTargetID = 88C9CB37263556B000750E08;
					};
					88C9CB58263556B100750E08 = {
						CreatedOnToolsVersion = 12.4;
						TestTargetID = 88C9CB37263556B000750E08;
					};
				};
			};
			buildConfigurationList = 88C9CB33263556B000750E08 /* Build configuration list for PBXProject "RootNavigation" */;
			compatibilityVersion = "Xcode 9.3";
			developmentRegion = en;
			hasScannedForEncodings = 0;
			knownRegions = (
				en,
				Base,
			);
			mainGroup = 88C9CB2F263556B000750E08;
			productRefGroup = 88C9CB39263556B000750E08 /* Products */;
			projectDirPath = "";
			projectRoot = "";
			targets = (
				88C9CB37263556B000750E08 /* RootNavigation */,
				88C9CB4D263556B100750E08 /* RootNavigationTests */,
				88C9CB58263556B100750E08 /* RootNavigationUITests */,
			);
		};
/* End PBXProject section */

/* Begin PBXResourcesBuildPhase section */
		88C9CB36263556B000750E08 /* Resources */ = {
			isa = PBXResourcesBuildPhase;
			buildActionMask = 2147483647;
			files = (
				88C9CB48263556B100750E08 /* LaunchScreen.storyboard in Resources */,
				88C9CB45263556B100750E08 /* Assets.xcassets in Resources */,
				88C9CB43263556B000750E08 /* Main.storyboard in Resources */,
			);
			runOnlyForDeploymentPostprocessing = 0;
		};
		88C9CB4C263556B100750E08 /* Resources */ = {
			isa = PBXResourcesBuildPhase;
			buildActionMask = 2147483647;
			files = (
			);
			runOnlyForDeploymentPostprocessing = 0;
		};
		88C9CB57263556B100750E08 /* Resources */ = {
			isa = PBXResourcesBuildPhase;
			buildActionMask = 2147483647;
			files = (
			);
			runOnlyForDeploymentPostprocessing = 0;
		};
/* End PBXResourcesBuildPhase section */

/* Begin PBXSourcesBuildPhase section */
		88C9CB34263556B000750E08 /* Sources */ = {
			isa = PBXSourcesBuildPhase;
			buildActionMask = 2147483647;
			files = (
				88C9CB40263556B000750E08 /* ViewController.swift in Sources */,
				88C9CB3C263556B000750E08 /* AppDelegate.swift in Sources */,
				88C9CB3E263556B000750E08 /* SceneDelegate.swift in Sources */,
			);
			runOnlyForDeploymentPostprocessing = 0;
		};
		88C9CB4A263556B100750E08 /* Sources */ = {
			isa = PBXSourcesBuildPhase;
			buildActionMask = 2147483647;
			files = (
				88C9CB53263556B100750E08 /* RootNavigationTests.swift in Sources */,
			);
			runOnlyForDeploymentPostprocessing = 0;
		};
		88C9CB55263556B100750E08 /* Sources */ = {
			isa = PBXSourcesBuildPhase;
			buildActionMask = 2147483647;
			files = (
				88C9CB5E263556B100750E08 /* RootNavigationUITests.swift in Sources */,
			);
			runOnlyForDeploymentPostprocessing = 0;
		};
/* End PBXSourcesBuildPhase section */

/* Begin PBXTargetDependency section */
		88C9CB50263556B100750E08 /* PBXTargetDependency */ = {
			isa = PBXTargetDependency;
			target = 88C9CB37263556B000750E08 /* RootNavigation */;
			targetProxy = 88C9CB4F263556B100750E08 /* PBXContainerItemProxy */;
		};
		88C9CB5B263556B100750E08 /* PBXTargetDependency */ = {
			isa = PBXTargetDependency;
			target = 88C9CB37263556B000750E08 /* RootNavigation */;
			targetProxy = 88C9CB5A263556B100750E08 /* PBXContainerItemProxy */;
		};
/* End PBXTargetDependency section */

/* Begin PBXVariantGroup section */
		88C9CB41263556B000750E08 /* Main.storyboard */ = {
			isa = PBXVariantGroup;
			children = (
				88C9CB42263556B000750E08 /* Base */,
			);
			name = Main.storyboard;
			sourceTree = "<group>";
		};
		88C9CB46263556B100750E08 /* LaunchScreen.storyboard */ = {
			isa = PBXVariantGroup;
			children = (
				88C9CB47263556B100750E08 /* Base */,
			);
			name = LaunchScreen.storyboard;
			sourceTree = "<group>";
		};
/* End PBXVariantGroup section */

/* Begin XCBuildConfiguration section */
		88C9CB60263556B100750E08 /* Debug */ = {
			isa = XCBuildConfiguration;
			buildSettings = {
				ALWAYS_SEARCH_USER_PATHS = NO;
				CLANG_ANALYZER_NONNULL = YES;
				CLANG_ANALYZER_NUMBER_OBJECT_CONVERSION = YES_AGGRESSIVE;
				CLANG_CXX_LANGUAGE_STANDARD = "gnu++14";
				CLANG_CXX_LIBRARY = "libc++";
				CLANG_ENABLE_MODULES = YES;
				CLANG_ENABLE_OBJC_ARC = YES;
				CLANG_ENABLE_OBJC_WEAK = YES;
				CLANG_WARN_BLOCK_CAPTURE_AUTORELEASING = YES;
				CLANG_WARN_BOOL_CONVERSION = YES;
				CLANG_WARN_COMMA = YES;
				CLANG_WARN_CONSTANT_CONVERSION = YES;
				CLANG_WARN_DEPRECATED_OBJC_IMPLEMENTATIONS = YES;
				CLANG_WARN_DIRECT_OBJC_ISA_USAGE = YES_ERROR;
				CLANG_WARN_DOCUMENTATION_COMMENTS = YES;
				CLANG_WARN_EMPTY_BODY = YES;
				CLANG_WARN_ENUM_CONVERSION = YES;
				CLANG_WARN_INFINITE_RECURSION = YES;
				CLANG_WARN_INT_CONVERSION = YES;
				CLANG_WARN_NON_LITERAL_NULL_CONVERSION = YES;
				CLANG_WARN_OBJC_IMPLICIT_RETAIN_SELF = YES;
				CLANG_WARN_OBJC_LITERAL_CONVERSION = YES;
				CLANG_WARN_OBJC_ROOT_CLASS = YES_ERROR;
				CLANG_WARN_QUOTED_INCLUDE_IN_FRAMEWORK_HEADER = YES;
				CLANG_WARN_RANGE_LOOP_ANALYSIS = YES;
				CLANG_WARN_STRICT_PROTOTYPES = YES;
				CLANG_WARN_SUSPICIOUS_MOVE = YES;
				CLANG_WARN_UNGUARDED_AVAILABILITY = YES_AGGRESSIVE;
				CLANG_WARN_UNREACHABLE_CODE = YES;
				CLANG_WARN__DUPLICATE_METHOD_MATCH = YES;
				COPY_PHASE_STRIP = NO;
				DEBUG_INFORMATION_FORMAT = dwarf;
				ENABLE_STRICT_OBJC_MSGSEND = YES;
				ENABLE_TESTABILITY = YES;
				GCC_C_LANGUAGE_STANDARD = gnu11;
				GCC_DYNAMIC_NO_PIC = NO;
				GCC_NO_COMMON_BLOCKS = YES;
				GCC_OPTIMIZATION_LEVEL = 0;
				GCC_PREPROCESSOR_DEFINITIONS = (
					"DEBUG=1",
					"$(inherited)",
				);
				GCC_WARN_64_TO_32_BIT_CONVERSION = YES;
				GCC_WARN_ABOUT_RETURN_TYPE = YES_ERROR;
				GCC_WARN_UNDECLARED_SELECTOR = YES;
				GCC_WARN_UNINITIALIZED_AUTOS = YES_AGGRESSIVE;
				GCC_WARN_UNUSED_FUNCTION = YES;
				GCC_WARN_UNUSED_VARIABLE = YES;
				IPHONEOS_DEPLOYMENT_TARGET = 14.4;
				MTL_ENABLE_DEBUG_INFO = INCLUDE_SOURCE;
				MTL_FAST_MATH = YES;
				ONLY_ACTIVE_ARCH = YES;
				SDKROOT = iphoneos;
				SWIFT_ACTIVE_COMPILATION_CONDITIONS = DEBUG;
				SWIFT_OPTIMIZATION_LEVEL = "-Onone";
			};
			name = Debug;
		};
		88C9CB61263556B100750E08 /* Release */ = {
			isa = XCBuildConfiguration;
			buildSettings = {
				ALWAYS_SEARCH_USER_PATHS = NO;
				CLANG_ANALYZER_NONNULL = YES;
				CLANG_ANALYZER_NUMBER_OBJECT_CONVERSION = YES_AGGRESSIVE;
				CLANG_CXX_LANGUAGE_STANDARD = "gnu++14";
				CLANG_CXX_LIBRARY = "libc++";
				CLANG_ENABLE_MODULES = YES;
				CLANG_ENABLE_OBJC_ARC = YES;
				CLANG_ENABLE_OBJC_WEAK = YES;
				CLANG_WARN_BLOCK_CAPTURE_AUTORELEASING = YES;
				CLANG_WARN_BOOL_CONVERSION = YES;
				CLANG_WARN_COMMA = YES;
				CLANG_WARN_CONSTANT_CONVERSION = YES;
				CLANG_WARN_DEPRECATED_OBJC_IMPLEMENTATIONS = YES;
				CLANG_WARN_DIRECT_OBJC_ISA_USAGE = YES_ERROR;
				CLANG_WARN_DOCUMENTATION_COMMENTS = YES;
				CLANG_WARN_EMPTY_BODY = YES;
				CLANG_WARN_ENUM_CONVERSION = YES;
				CLANG_WARN_INFINITE_RECURSION = YES;
				CLANG_WARN_INT_CONVERSION = YES;
				CLANG_WARN_NON_LITERAL_NULL_CONVERSION = YES;
				CLANG_WARN_OBJC_IMPLICIT_RETAIN_SELF = YES;
				CLANG_WARN_OBJC_LITERAL_CONVERSION = YES;
				CLANG_WARN_OBJC_ROOT_CLASS = YES_ERROR;
				CLANG_WARN_QUOTED_INCLUDE_IN_FRAMEWORK_HEADER = YES;
				CLANG_WARN_RANGE_LOOP_ANALYSIS = YES;
				CLANG_WARN_STRICT_PROTOTYPES = YES;
				CLANG_WARN_SUSPICIOUS_MOVE = YES;
				CLANG_WARN_UNGUARDED_AVAILABILITY = YES_AGGRESSIVE;
				CLANG_WARN_UNREACHABLE_CODE = YES;
				CLANG_WARN__DUPLICATE_METHOD_MATCH = YES;
				COPY_PHASE_STRIP = NO;
				DEBUG_INFORMATION_FORMAT = "dwarf-with-dsym";
				ENABLE_NS_ASSERTIONS = NO;
				ENABLE_STRICT_OBJC_MSGSEND = YES;
				GCC_C_LANGUAGE_STANDARD = gnu11;
				GCC_NO_COMMON_BLOCKS = YES;
				GCC_WARN_64_TO_32_BIT_CONVERSION = YES;
				GCC_WARN_ABOUT_RETURN_TYPE = YES_ERROR;
				GCC_WARN_UNDECLARED_SELECTOR = YES;
				GCC_WARN_UNINITIALIZED_AUTOS = YES_AGGRESSIVE;
				GCC_WARN_UNUSED_FUNCTION = YES;
				GCC_WARN_UNUSED_VARIABLE = YES;
				IPHONEOS_DEPLOYMENT_TARGET = 14.4;
				MTL_ENABLE_DEBUG_INFO = NO;
				MTL_FAST_MATH = YES;
				SDKROOT = iphoneos;
				SWIFT_COMPILATION_MODE = wholemodule;
				SWIFT_OPTIMIZATION_LEVEL = "-O";
				VALIDATE_PRODUCT = YES;
			};
			name = Release;
		};
		88C9CB63263556B100750E08 /* Debug */ = {
			isa = XCBuildConfiguration;
			buildSettings = {
				ASSETCATALOG_COMPILER_APPICON_NAME = AppIcon;
				ASSETCATALOG_COMPILER_GLOBAL_ACCENT_COLOR_NAME = AccentColor;
				CODE_SIGN_STYLE = Automatic;
				DEVELOPMENT_TEAM = 56U6P9HNQ5;
				INFOPLIST_FILE = RootNavigation/Info.plist;
				LD_RUNPATH_SEARCH_PATHS = (
					"$(inherited)",
					"@executable_path/Frameworks",
				);
				PRODUCT_BUNDLE_IDENTIFIER = devoronin.RootNavigation;
				PRODUCT_NAME = "$(TARGET_NAME)";
				SWIFT_VERSION = 5.0;
				TARGETED_DEVICE_FAMILY = "1,2";
			};
			name = Debug;
		};
		88C9CB64263556B100750E08 /* Release */ = {
			isa = XCBuildConfiguration;
			buildSettings = {
				ASSETCATALOG_COMPILER_APPICON_NAME = AppIcon;
				ASSETCATALOG_COMPILER_GLOBAL_ACCENT_COLOR_NAME = AccentColor;
				CODE_SIGN_STYLE = Automatic;
				DEVELOPMENT_TEAM = 56U6P9HNQ5;
				INFOPLIST_FILE = RootNavigation/Info.plist;
				LD_RUNPATH_SEARCH_PATHS = (
					"$(inherited)",
					"@executable_path/Frameworks",
				);
				PRODUCT_BUNDLE_IDENTIFIER = devoronin.RootNavigation;
				PRODUCT_NAME = "$(TARGET_NAME)";
				SWIFT_VERSION = 5.0;
				TARGETED_DEVICE_FAMILY = "1,2";
			};
			name = Release;
		};
		88C9CB66263556B100750E08 /* Debug */ = {
			isa = XCBuildConfiguration;
			buildSettings = {
				ALWAYS_EMBED_SWIFT_STANDARD_LIBRARIES = YES;
				BUNDLE_LOADER = "$(TEST_HOST)";
				CODE_SIGN_STYLE = Automatic;
				DEVELOPMENT_TEAM = 56U6P9HNQ5;
				INFOPLIST_FILE = RootNavigationTests/Info.plist;
				IPHONEOS_DEPLOYMENT_TARGET = 14.4;
				LD_RUNPATH_SEARCH_PATHS = (
					"$(inherited)",
					"@executable_path/Frameworks",
					"@loader_path/Frameworks",
				);
				PRODUCT_BUNDLE_IDENTIFIER = devoronin.RootNavigationTests;
				PRODUCT_NAME = "$(TARGET_NAME)";
				SWIFT_VERSION = 5.0;
				TARGETED_DEVICE_FAMILY = "1,2";
				TEST_HOST = "$(BUILT_PRODUCTS_DIR)/RootNavigation.app/RootNavigation";
			};
			name = Debug;
		};
		88C9CB67263556B100750E08 /* Release */ = {
			isa = XCBuildConfiguration;
			buildSettings = {
				ALWAYS_EMBED_SWIFT_STANDARD_LIBRARIES = YES;
				BUNDLE_LOADER = "$(TEST_HOST)";
				CODE_SIGN_STYLE = Automatic;
				DEVELOPMENT_TEAM = 56U6P9HNQ5;
				INFOPLIST_FILE = RootNavigationTests/Info.plist;
				IPHONEOS_DEPLOYMENT_TARGET = 14.4;
				LD_RUNPATH_SEARCH_PATHS = (
					"$(inherited)",
					"@executable_path/Frameworks",
					"@loader_path/Frameworks",
				);
				PRODUCT_BUNDLE_IDENTIFIER = devoronin.RootNavigationTests;
				PRODUCT_NAME = "$(TARGET_NAME)";
				SWIFT_VERSION = 5.0;
				TARGETED_DEVICE_FAMILY = "1,2";
				TEST_HOST = "$(BUILT_PRODUCTS_DIR)/RootNavigation.app/RootNavigation";
			};
			name = Release;
		};
		88C9CB69263556B100750E08 /* Debug */ = {
			isa = XCBuildConfiguration;
			buildSettings = {
				ALWAYS_EMBED_SWIFT_STANDARD_LIBRARIES = YES;
				CODE_SIGN_STYLE = Automatic;
				DEVELOPMENT_TEAM = 56U6P9HNQ5;
				INFOPLIST_FILE = RootNavigationUITests/Info.plist;
				LD_RUNPATH_SEARCH_PATHS = (
					"$(inherited)",
					"@executable_path/Frameworks",
					"@loader_path/Frameworks",
				);
				PRODUCT_BUNDLE_IDENTIFIER = devoronin.RootNavigationUITests;
				PRODUCT_NAME = "$(TARGET_NAME)";
				SWIFT_VERSION = 5.0;
				TARGETED_DEVICE_FAMILY = "1,2";
				TEST_TARGET_NAME = RootNavigation;
			};
			name = Debug;
		};
		88C9CB6A263556B100750E08 /* Release */ = {
			isa = XCBuildConfiguration;
			buildSettings = {
				ALWAYS_EMBED_SWIFT_STANDARD_LIBRARIES = YES;
				CODE_SIGN_STYLE = Automatic;
				DEVELOPMENT_TEAM = 56U6P9HNQ5;
				INFOPLIST_FILE = RootNavigationUITests/Info.plist;
				LD_RUNPATH_SEARCH_PATHS = (
					"$(inherited)",
					"@executable_path/Frameworks",
					"@loader_path/Frameworks",
				);
				PRODUCT_BUNDLE_IDENTIFIER = devoronin.RootNavigationUITests;
				PRODUCT_NAME = "$(TARGET_NAME)";
				SWIFT_VERSION = 5.0;
				TARGETED_DEVICE_FAMILY = "1,2";
				TEST_TARGET_NAME = RootNavigation;
			};
			name = Release;
		};
/* End XCBuildConfiguration section */

/* Begin XCConfigurationList section */
		88C9CB33263556B000750E08 /* Build configuration list for PBXProject "RootNavigation" */ = {
			isa = XCConfigurationList;
			buildConfigurations = (
				88C9CB60263556B100750E08 /* Debug */,
				88C9CB61263556B100750E08 /* Release */,
			);
			defaultConfigurationIsVisible = 0;
			defaultConfigurationName = Release;
		};
		88C9CB62263556B100750E08 /* Build configuration list for PBXNativeTarget "RootNavigation" */ = {
			isa = XCConfigurationList;
			buildConfigurations = (
				88C9CB63263556B100750E08 /* Debug */,
				88C9CB64263556B100750E08 /* Release */,
			);
			defaultConfigurationIsVisible = 0;
			defaultConfigurationName = Release;
		};
		88C9CB65263556B100750E08 /* Build configuration list for PBXNativeTarget "RootNavigationTests" */ = {
			isa = XCConfigurationList;
			buildConfigurations = (
				88C9CB66263556B100750E08 /* Debug */,
				88C9CB67263556B100750E08 /* Release */,
			);
			defaultConfigurationIsVisible = 0;
			defaultConfigurationName = Release;
		};
		88C9CB68263556B100750E08 /* Build configuration list for PBXNativeTarget "RootNavigationUITests" */ = {
			isa = XCConfigurationList;
			buildConfigurations = (
				88C9CB69263556B100750E08 /* Debug */,
				88C9CB6A263556B100750E08 /* Release */,
			);
			defaultConfigurationIsVisible = 0;
			defaultConfigurationName = Release;
		};
/* End XCConfigurationList section */
	};
	rootObject = 88C9CB30263556B000750E08 /* Project object */;
}
